#MicroXplorer Configuration settings - do not modify
Mcu.Family=STM32F1
RCC.PLLSourceVirtual=RCC_PLLSOURCE_HSE
ProjectManager.MainLocation=Src
RCC.MCOFreq_Value=24000000
Dma.SPI1_TX.0.MemInc=DMA_MINC_ENABLE
ProjectManager.ProjectFileName=ST7735.ioc
Dma.SPI1_TX.0.PeriphInc=DMA_PINC_DISABLE
USART2.IPParameters=VirtualMode
PA7.Mode=TX_Only_Simplex_Unidirect_Master
PD1-OSC_OUT.Mode=HSE-External-Oscillator
ProjectManager.KeepUserCode=true
Mcu.UserName=STM32F103C8Tx
Mcu.PinsNb=12
SPI1.VirtualType=VM_MASTER
ProjectManager.NoMain=false
SPI1.IPParameters=VirtualType,Mode,Direction,CalculateBaudRate,BaudRatePrescaler,DataSize
RCC.PLLCLKFreq_Value=24000000
ProjectManager.functionlistsort=1-MX_GPIO_Init-GPIO-false-HAL-true,2-MX_DMA_Init-DMA-false-HAL-true,3-SystemClock_Config-RCC-false-HAL-false,4-MX_SPI1_Init-SPI1-false-HAL-true,5-MX_USART2_UART_Init-USART2-false-HAL-true
RCC.ADCFreqValue=12000000
ProjectManager.DefaultFWLocation=true
PD0-OSC_IN.Signal=RCC_OSC_IN
ProjectManager.DeletePrevious=true
PinOutPanel.RotationAngle=0
RCC.FamilyName=M
RCC.SYSCLKSource=RCC_SYSCLKSOURCE_PLLCLK
ProjectManager.StackSize=0x400
PD1-OSC_OUT.Signal=RCC_OSC_OUT
NVIC.DMA1_Channel3_IRQn=true\:0\:0\:false\:false\:true\:false\:true
PA13.Signal=SYS_JTMS-SWDIO
PA3.Mode=Asynchronous
Mcu.IP4=SYS
RCC.FCLKCortexFreq_Value=24000000
Mcu.IP5=USART2
NVIC.SVCall_IRQn=true\:0\:0\:false\:false\:true\:false\:false
Mcu.IP2=RCC
Mcu.IP3=SPI1
Mcu.IP0=DMA
Mcu.IP1=NVIC
Dma.SPI1_TX.0.RequestParameters=Instance,Direction,PeriphInc,MemInc,PeriphDataAlignment,MemDataAlignment,Mode,Priority
Mcu.UserConstants=
ProjectManager.TargetToolchain=MDK-ARM V5
Mcu.ThirdPartyNb=0
SPI1.Direction=SPI_DIRECTION_2LINES
Dma.SPI1_TX.0.PeriphDataAlignment=DMA_PDATAALIGN_HALFWORD
RCC.HCLKFreq_Value=24000000
Dma.SPI1_TX.0.Direction=DMA_MEMORY_TO_PERIPH
Mcu.IPNb=6
ProjectManager.PreviousToolchain=
RCC.APB2TimFreq_Value=24000000
PB6.Signal=GPIO_Output
SPI1.CalculateBaudRate=12.0 MBits/s
Mcu.Pin6=PA13
Mcu.Pin7=PA14
ProjectManager.RegisterCallBack=
Mcu.Pin8=PB6
RCC.USBFreq_Value=24000000
Mcu.Pin9=PB7
RCC.AHBFreq_Value=24000000
Mcu.Pin0=PD0-OSC_IN
Mcu.Pin1=PD1-OSC_OUT
GPIO.groupedBy=
PD0-OSC_IN.Mode=HSE-External-Oscillator
Mcu.Pin2=PA2
Mcu.Pin3=PA3
Mcu.Pin4=PA5
Mcu.Pin5=PA7
PA5.Signal=SPI1_SCK
ProjectManager.ProjectBuild=false
NVIC.UsageFault_IRQn=true\:0\:0\:false\:false\:true\:false\:false
NVIC.DebugMonitor_IRQn=true\:0\:0\:false\:false\:true\:false\:false
board=custom
NVIC.SysTick_IRQn=true\:0\:0\:false\:false\:true\:false\:true
ProjectManager.LastFirmware=true
RCC.PLLMUL=RCC_PLL_MUL3
RCC.VCOOutput2Freq_Value=8000000
ProjectManager.FirmwarePackage=STM32Cube FW_F1 V1.8.0
MxDb.Version=DB.5.0.60
RCC.APB2Freq_Value=24000000
ProjectManager.BackupPrevious=false
MxCube.Version=5.6.1
SPI1.Mode=SPI_MODE_MASTER
PA14.Mode=Serial_Wire
SPI1.DataSize=SPI_DATASIZE_8BIT
File.Version=6
VP_SYS_VS_Systick.Mode=SysTick
Dma.SPI1_TX.0.Instance=DMA1_Channel3
PB7.Signal=GPIO_Output
PB8.Locked=true
NVIC.NonMaskableInt_IRQn=true\:0\:0\:false\:false\:true\:false\:false
PB6.Locked=true
NVIC.PendSV_IRQn=true\:0\:0\:false\:false\:true\:false\:false
PA13.Mode=Serial_Wire
ProjectManager.FreePins=false
RCC.IPParameters=ADCFreqValue,AHBFreq_Value,APB1Freq_Value,APB1TimFreq_Value,APB2Freq_Value,APB2TimFreq_Value,FCLKCortexFreq_Value,FamilyName,HCLKFreq_Value,MCOFreq_Value,PLLCLKFreq_Value,PLLMCOFreq_Value,PLLMUL,PLLSourceVirtual,SYSCLKFreq_VALUE,SYSCLKSource,TimSysFreq_Value,USBFreq_Value,VCOOutput2Freq_Value
ProjectManager.AskForMigrate=false
Mcu.Name=STM32F103C(8-B)Tx
Dma.RequestsNb=1
ProjectManager.HalAssertFull=false
PA2.Signal=USART2_TX
ProjectManager.ProjectName=ST7735
ProjectManager.UnderRoot=false
RCC.PLLMCOFreq_Value=12000000
ProjectManager.CoupleFile=false
Dma.SPI1_TX.0.Mode=DMA_NORMAL
RCC.SYSCLKFreq_VALUE=24000000
Mcu.Package=LQFP48
RCC.TimSysFreq_Value=24000000
NVIC.ForceEnableDMAVector=true
KeepUserPlacement=false
USART2.VirtualMode=VM_ASYNC
NVIC.MemoryManagement_IRQn=true\:0\:0\:false\:false\:true\:false\:false
ProjectManager.CompilerOptimize=6
ProjectManager.ToolChainLocation=
VP_SYS_VS_Systick.Signal=SYS_VS_Systick
PA14.Signal=SYS_JTCK-SWCLK
ProjectManager.HeapSize=0x200
Dma.SPI1_TX.0.Priority=DMA_PRIORITY_LOW
Dma.SPI1_TX.0.MemDataAlignment=DMA_MDATAALIGN_HALFWORD
NVIC.HardFault_IRQn=true\:0\:0\:false\:false\:true\:false\:false
ProjectManager.ComputerToolchain=false
NVIC.PriorityGroup=NVIC_PRIORITYGROUP_4
Mcu.Pin11=VP_SYS_VS_Systick
Mcu.Pin10=PB8
PB7.Locked=true
RCC.APB1TimFreq_Value=24000000
PA2.Mode=Asynchronous
PB8.Signal=GPIO_Output
NVIC.BusFault_IRQn=true\:0\:0\:false\:false\:true\:false\:false
Dma.Request0=SPI1_TX
RCC.APB1Freq_Value=24000000
SPI1.BaudRatePrescaler=SPI_BAUDRATEPRESCALER_2
ProjectManager.CustomerFirmwarePackage=
ProjectManager.DeviceId=STM32F103C8Tx
ProjectManager.LibraryCopy=0
PA3.Signal=USART2_RX
PA5.Mode=TX_Only_Simplex_Unidirect_Master
PA7.Signal=SPI1_MOSI
